
Microsoft Visual Studio Solution File, Format Version 12.00
# Visual Studio 15
VisualStudioVersion = 15.0.28307.960
MinimumVisualStudioVersion = 10.0.40219.1
Project("{FAE04EC0-301F-11D3-BF4B-00C04F79EFBC}") = "Dll injector V3", "Dll injector V3\Dll injector V3.csproj", "{39FB15EA-E1A4-424F-B4CC-6B9FD554A5B0}"
EndProject
Global
	GlobalSection(SolutionConfigurationPlatforms) = preSolution
		Debug|Any CPU = Debug|Any CPU
		Release|Any CPU = Release|Any CPU
	EndGlobalSection
	GlobalSection(ProjectConfigurationPlatforms) = postSolution
		{39FB15EA-E1A4-424F-B4CC-6B9FD554A5B0}.Debug|Any CPU.ActiveCfg = Debug|Any CPU
		{39FB15EA-E1A4-424F-B4CC-6B9FD554A5B0}.Debug|Any CPU.Build.0 = Debug|Any CPU
		{39FB15EA-E1A4-424F-B4CC-6B9FD554A5B0}.Release|Any CPU.ActiveCfg = Release|Any CPU
		{39FB15EA-E1A4-424F-B4CC-6B9FD554A5B0}.Release|Any CPU.Build.0 = Release|Any CPU
	EndGlobalSection
	GlobalSection(SolutionProperties) = preSolution
		HideSolutionNode = FALSE
	EndGlobalSection
	GlobalSection(ExtensibilityGlobals) = postSolution
		SolutionGuid = {49BE5BB8-7585-4CFD-A37E-16641A3984F1}
	EndGlobalSection
EndGlobal
